
Microsoft Visual Studio Solution File, Format Version 12.00
# Visual Studio 15
VisualStudioVersion = 15.0.28307.329
MinimumVisualStudioVersion = 10.0.40219.1
Project("{8BC9CEB8-8B4A-11D0-8D11-00A0C91BC942}") = "VD1", "VD1\VD1.vcxproj", "{5F66C43E-DF67-4EFB-8900-9806191F4EF8}"
EndProject
Project("{8BC9CEB8-8B4A-11D0-8D11-00A0C91BC942}") = "VD1_Remake", "VD1_Remake\VD1_Remake.vcxproj", "{C1901FA0-343D-4173-B5E4-80D8E5C59282}"
EndProject
Global
	GlobalSection(SolutionConfigurationPlatforms) = preSolution
		Debug|x64 = Debug|x64
		Debug|x86 = Debug|x86
		Release|x64 = Release|x64
		Release|x86 = Release|x86
	EndGlobalSection
	GlobalSection(ProjectConfigurationPlatforms) = postSolution
		{5F66C43E-DF67-4EFB-8900-9806191F4EF8}.Debug|x64.ActiveCfg = Debug|x64
		{5F66C43E-DF67-4EFB-8900-9806191F4EF8}.Debug|x64.Build.0 = Debug|x64
		{5F66C43E-DF67-4EFB-8900-9806191F4EF8}.Debug|x86.ActiveCfg = Debug|Win32
		{5F66C43E-DF67-4EFB-8900-9806191F4EF8}.Debug|x86.Build.0 = Debug|Win32
		{5F66C43E-DF67-4EFB-8900-9806191F4EF8}.Release|x64.ActiveCfg = Release|x64
		{5F66C43E-DF67-4EFB-8900-9806191F4EF8}.Release|x64.Build.0 = Release|x64
		{5F66C43E-DF67-4EFB-8900-9806191F4EF8}.Release|x86.ActiveCfg = Release|Win32
		{5F66C43E-DF67-4EFB-8900-9806191F4EF8}.Release|x86.Build.0 = Release|Win32
		{C1901FA0-343D-4173-B5E4-80D8E5C59282}.Debug|x64.ActiveCfg = Debug|x64
		{C1901FA0-343D-4173-B5E4-80D8E5C59282}.Debug|x64.Build.0 = Debug|x64
		{C1901FA0-343D-4173-B5E4-80D8E5C59282}.Debug|x86.ActiveCfg = Debug|Win32
		{C1901FA0-343D-4173-B5E4-80D8E5C59282}.Debug|x86.Build.0 = Debug|Win32
		{C1901FA0-343D-4173-B5E4-80D8E5C59282}.Release|x64.ActiveCfg = Release|x64
		{C1901FA0-343D-4173-B5E4-80D8E5C59282}.Release|x64.Build.0 = Release|x64
		{C1901FA0-343D-4173-B5E4-80D8E5C59282}.Release|x86.ActiveCfg = Release|Win32
		{C1901FA0-343D-4173-B5E4-80D8E5C59282}.Release|x86.Build.0 = Release|Win32
	EndGlobalSection
	GlobalSection(SolutionProperties) = preSolution
		HideSolutionNode = FALSE
	EndGlobalSection
	GlobalSection(ExtensibilityGlobals) = postSolution
		SolutionGuid = {78649941-3EB7-4F97-940D-76BEEAB4C6E4}
	EndGlobalSection
EndGlobal
